<?xml version="1.0" encoding="utf-8"?>
<Project ToolsVersion="4.0" xmlns="http://schemas.microsoft.com/developer/msbuild/2003">
  <ItemGroup>
    <Filter Include="Source Files">
      <UniqueIdentifier>{4FC737F1-C7A5-4376-A066-2A32D752A2FF}</UniqueIdentifier>
      <Extensions>cpp;c;cc;cxx;c++;cppm;ixx;def;odl;idl;hpj;bat;asm;asmx</Extensions>
    </Filter>
    <Filter Include="Header Files">
      <UniqueIdentifier>{93995380-89BD-4b04-88EB-625FBE52EBFB}</UniqueIdentifier>
      <Extensions>h;hh;hpp;hxx;h++;hm;inl;inc;ipp;xsd</Extensions>
    </Filter>
    <Filter Include="Resource Files">
      <UniqueIdentifier>{67DA6AB6-F800-4c08-8B7A-83BB121AAD01}</UniqueIdentifier>
      <Extensions>rc;ico;cur;bmp;dlg;rc2;rct;bin;rgs;gif;jpg;jpeg;jpe;resx;tiff;tif;png;wav;mfcribbon-ms</Extensions>
    </Filter>
  </ItemGroup>
  <ItemGroup>
    <ClCompile Include="main.cpp">
      <Filter>Source Files</Filter>
    </ClCompile>
    <ClCompile Include="source\Event\EventService.cpp">
      <Filter>Source Files</Filter>
    </ClCompile>
    <ClCompile Include="source\Global\Config.cpp">
      <Filter>Source Files</Filter>
    </ClCompile>
    <ClCompile Include="source\Global\ServiceLocator.cpp">
      <Filter>Source Files</Filter>
    </ClCompile>
    <ClCompile Include="source\Graphics\GraphicService.cpp">
      <Filter>Source Files</Filter>
    </ClCompile>
    <ClCompile Include="source\Main\GameService.cpp">
      <Filter>Source Files</Filter>
    </ClCompile>
    <ClCompile Include="source\Sound\SoundService.cpp">
      <Filter>Source Files</Filter>
    </ClCompile>
    <ClCompile Include="source\UI\MainMenu\MainMenuUIController.cpp">
      <Filter>Source Files</Filter>
    </ClCompile>
    <ClCompile Include="source\UI\SplashScreen\SplashScreenUIController.cpp">
      <Filter>Source Files</Filter>
    </ClCompile>
    <ClCompile Include="source\UI\UIElement\AnimatedImageView.cpp">
      <Filter>Source Files</Filter>
    </ClCompile>
    <ClCompile Include="source\UI\UIElement\ButtonView.cpp">
      <Filter>Source Files</Filter>
    </ClCompile>
    <ClCompile Include="source\UI\UIElement\ImageView.cpp">
      <Filter>Source Files</Filter>
    </ClCompile>
    <ClCompile Include="source\UI\UIElement\TextView.cpp">
      <Filter>Source Files</Filter>
    </ClCompile>
    <ClCompile Include="source\UI\UIElement\UIView.cpp">
      <Filter>Source Files</Filter>
    </ClCompile>
    <ClCompile Include="source\UI\UISerive.cpp">
      <Filter>Source Files</Filter>
    </ClCompile>
    <ClCompile Include="source\Gameplay\GameplayController.cpp">
      <Filter>Source Files</Filter>
    </ClCompile>
    <ClCompile Include="source\Gameplay\GameplayView.cpp">
      <Filter>Source Files</Filter>
    </ClCompile>
    <ClCompile Include="source\Gameplay\GameplayService.cpp">
      <Filter>Source Files</Filter>
    </ClCompile>
    <ClCompile Include="source\UI\UIElement\RectangleShapeView.cpp">
      <Filter>Source Files</Filter>
    </ClCompile>
  </ItemGroup>
  <ItemGroup>
    <ClInclude Include="include\Event\EventService.h">
      <Filter>Header Files</Filter>
    </ClInclude>
    <ClInclude Include="include\Global\Config.h">
      <Filter>Header Files</Filter>
    </ClInclude>
    <ClInclude Include="include\Global\ServiceLocator.h">
      <Filter>Header Files</Filter>
    </ClInclude>
    <ClInclude Include="include\Graphics\GraphicService.h">
      <Filter>Header Files</Filter>
    </ClInclude>
    <ClInclude Include="include\Main\GameService.h">
      <Filter>Header Files</Filter>
    </ClInclude>
    <ClInclude Include="include\Sound\SoundService.h">
      <Filter>Header Files</Filter>
    </ClInclude>
    <ClInclude Include="include\UI\Interface\IUIController.h">
      <Filter>Header Files</Filter>
    </ClInclude>
    <ClInclude Include="include\UI\MainMenu\MainMenuUIController.h">
      <Filter>Header Files</Filter>
    </ClInclude>
    <ClInclude Include="include\UI\SplashScreen\SplashScreenUIController.h">
      <Filter>Header Files</Filter>
    </ClInclude>
    <ClInclude Include="include\UI\UIElement\AnimatedImageView.h">
      <Filter>Header Files</Filter>
    </ClInclude>
    <ClInclude Include="include\UI\UIElement\ButtonView.h">
      <Filter>Header Files</Filter>
    </ClInclude>
    <ClInclude Include="include\UI\UIElement\ImageView.h">
      <Filter>Header Files</Filter>
    </ClInclude>
    <ClInclude Include="include\UI\UIElement\TextView.h">
      <Filter>Header Files</Filter>
    </ClInclude>
    <ClInclude Include="include\UI\UIElement\UIView.h">
      <Filter>Header Files</Filter>
    </ClInclude>
    <ClInclude Include="include\UI\UIService.h">
      <Filter>Header Files</Filter>
    </ClInclude>
    <ClInclude Include="include\Gameplay\GameplayView.h">
      <Filter>Header Files</Filter>
    </ClInclude>
    <ClInclude Include="include\Gameplay\GameplayController.h">
      <Filter>Header Files</Filter>
    </ClInclude>
    <ClInclude Include="include\Gameplay\GameplayService.h">
      <Filter>Header Files</Filter>
    </ClInclude>
    <ClInclude Include="include\UI\UIElement\RectangleShapeView.h">
      <Filter>Header Files</Filter>
    </ClInclude>
  </ItemGroup>
</Project>